
Microsoft Visual Studio Solution File, Format Version 12.00
# Visual Studio Version 17
VisualStudioVersion = 17.0.32112.339
MinimumVisualStudioVersion = 10.0.40219.1
Project("{FAE04EC0-301F-11D3-BF4B-00C04F79EFBC}") = "JwtTokenApi", "JwtTokenApi.csproj", "{0C481EE2-DFDE-4964-905A-43B6DCDC8A52}"
EndProject
Global
	GlobalSection(SolutionConfigurationPlatforms) = preSolution
		Debug|Any CPU = Debug|Any CPU
		Release|Any CPU = Release|Any CPU
	EndGlobalSection
	GlobalSection(ProjectConfigurationPlatforms) = postSolution
		{0C481EE2-DFDE-4964-905A-43B6DCDC8A52}.Debug|Any CPU.ActiveCfg = Debug|Any CPU
		{0C481EE2-DFDE-4964-905A-43B6DCDC8A52}.Debug|Any CPU.Build.0 = Debug|Any CPU
		{0C481EE2-DFDE-4964-905A-43B6DCDC8A52}.Release|Any CPU.ActiveCfg = Release|Any CPU
		{0C481EE2-DFDE-4964-905A-43B6DCDC8A52}.Release|Any CPU.Build.0 = Release|Any CPU
	EndGlobalSection
	GlobalSection(SolutionProperties) = preSolution
		HideSolutionNode = FALSE
	EndGlobalSection
	GlobalSection(ExtensibilityGlobals) = postSolution
		SolutionGuid = {7EC55480-FC7B-4282-9869-A648AA865B14}
	EndGlobalSection
EndGlobal
